
Microsoft Visual Studio Solution File, Format Version 12.00
# Visual Studio Version 17
VisualStudioVersion = 17.13.35919.96 d17.13
MinimumVisualStudioVersion = 10.0.40219.1
Project("{FAE04EC0-301F-11D3-BF4B-00C04F79EFBC}") = "OrderProcessing.Domain", "Src\OrderProcessing.Domain\OrderProcessing.Domain.csproj", "{705E9710-D940-4977-BBFA-9F3DE717878E}"
EndProject
Project("{FAE04EC0-301F-11D3-BF4B-00C04F79EFBC}") = "OrderProcessing.Events", "Src\OrderProcessing.Events\OrderProcessing.Events.csproj", "{6FBF06C6-F519-480A-A969-8CB92B022F5F}"
EndProject
Project("{FAE04EC0-301F-11D3-BF4B-00C04F79EFBC}") = "OrderProcessing.Infrastructure", "Classes\OrderProcessing.Infrastructure\OrderProcessing.Infrastructure.csproj", "{9E5F490D-1FDD-49BB-81FD-2CB3D5719900}"
EndProject
Project("{FAE04EC0-301F-11D3-BF4B-00C04F79EFBC}") = "OrderProcessing.OrderService", "Classes\OrderProcessing.OrderService\OrderProcessing.OrderService.csproj", "{39EE49B1-A6CE-43F7-988D-AB12D0CD3C9F}"
EndProject
Project("{FAE04EC0-301F-11D3-BF4B-00C04F79EFBC}") = "OrderProcessing.InventoryService", "Classes\OrderProcessing.InventoryService\OrderProcessing.InventoryService.csproj", "{8DD63957-9425-4575-96AA-0284D3CE045D}"
EndProject
Project("{FAE04EC0-301F-11D3-BF4B-00C04F79EFBC}") = "OrderProcessing.PaymentService", "Classes\OrderProcessing.PaymentService\OrderProcessing.PaymentService.csproj", "{08623CDC-BDB7-42F8-8F2C-1FF7EA7138B8}"
EndProject
Project("{2150E333-8FDC-42A3-9474-1A3956D46DE8}") = "docker", "docker", "{02EA681E-C7D8-13C7-8484-4AC65E1B71E8}"
	ProjectSection(SolutionItems) = preProject
		docker/docker-compose.yml = docker/docker-compose.yml
	EndProjectSection
EndProject
Project("{2150E333-8FDC-42A3-9474-1A3956D46DE8}") = "Registry-setup", "Registry-setup", "{2C6183B9-B7FA-4653-A91E-EE60F1CD1E78}"
	ProjectSection(SolutionItems) = preProject
		Registry-setup/create-kafka-topics.sh = Registry-setup/create-kafka-topics.sh
	EndProjectSection
EndProject
Project("{2150E333-8FDC-42A3-9474-1A3956D46DE8}") = "src", "src", "{88B22AA3-1C8D-4607-AFDD-B4B7591A33E3}"
EndProject
Project("{2150E333-8FDC-42A3-9474-1A3956D46DE8}") = "classes", "classes", "{3C392CC7-A0CB-411F-86BA-A2D4424FBD06}"
EndProject
Global
	GlobalSection(SolutionConfigurationPlatforms) = preSolution
		Debug|Any CPU = Debug|Any CPU
		Release|Any CPU = Release|Any CPU
	EndGlobalSection
	GlobalSection(ProjectConfigurationPlatforms) = postSolution
		{705E9710-D940-4977-BBFA-9F3DE717878E}.Debug|Any CPU.ActiveCfg = Debug|Any CPU
		{705E9710-D940-4977-BBFA-9F3DE717878E}.Debug|Any CPU.Build.0 = Debug|Any CPU
		{705E9710-D940-4977-BBFA-9F3DE717878E}.Release|Any CPU.ActiveCfg = Release|Any CPU
		{705E9710-D940-4977-BBFA-9F3DE717878E}.Release|Any CPU.Build.0 = Release|Any CPU
		{6FBF06C6-F519-480A-A969-8CB92B022F5F}.Debug|Any CPU.ActiveCfg = Debug|Any CPU
		{6FBF06C6-F519-480A-A969-8CB92B022F5F}.Debug|Any CPU.Build.0 = Debug|Any CPU
		{6FBF06C6-F519-480A-A969-8CB92B022F5F}.Release|Any CPU.ActiveCfg = Release|Any CPU
		{6FBF06C6-F519-480A-A969-8CB92B022F5F}.Release|Any CPU.Build.0 = Release|Any CPU
		{9E5F490D-1FDD-49BB-81FD-2CB3D5719900}.Debug|Any CPU.ActiveCfg = Debug|Any CPU
		{9E5F490D-1FDD-49BB-81FD-2CB3D5719900}.Debug|Any CPU.Build.0 = Debug|Any CPU
		{9E5F490D-1FDD-49BB-81FD-2CB3D5719900}.Release|Any CPU.ActiveCfg = Release|Any CPU
		{9E5F490D-1FDD-49BB-81FD-2CB3D5719900}.Release|Any CPU.Build.0 = Release|Any CPU
		{39EE49B1-A6CE-43F7-988D-AB12D0CD3C9F}.Debug|Any CPU.ActiveCfg = Debug|Any CPU
		{39EE49B1-A6CE-43F7-988D-AB12D0CD3C9F}.Debug|Any CPU.Build.0 = Debug|Any CPU
		{39EE49B1-A6CE-43F7-988D-AB12D0CD3C9F}.Release|Any CPU.ActiveCfg = Release|Any CPU
		{39EE49B1-A6CE-43F7-988D-AB12D0CD3C9F}.Release|Any CPU.Build.0 = Release|Any CPU
		{8DD63957-9425-4575-96AA-0284D3CE045D}.Debug|Any CPU.ActiveCfg = Debug|Any CPU
		{8DD63957-9425-4575-96AA-0284D3CE045D}.Debug|Any CPU.Build.0 = Debug|Any CPU
		{8DD63957-9425-4575-96AA-0284D3CE045D}.Release|Any CPU.ActiveCfg = Release|Any CPU
		{8DD63957-9425-4575-96AA-0284D3CE045D}.Release|Any CPU.Build.0 = Release|Any CPU
		{08623CDC-BDB7-42F8-8F2C-1FF7EA7138B8}.Debug|Any CPU.ActiveCfg = Debug|Any CPU
		{08623CDC-BDB7-42F8-8F2C-1FF7EA7138B8}.Debug|Any CPU.Build.0 = Debug|Any CPU
		{08623CDC-BDB7-42F8-8F2C-1FF7EA7138B8}.Release|Any CPU.ActiveCfg = Release|Any CPU
		{08623CDC-BDB7-42F8-8F2C-1FF7EA7138B8}.Release|Any CPU.Build.0 = Release|Any CPU
	EndGlobalSection
	GlobalSection(SolutionProperties) = preSolution
		HideSolutionNode = FALSE
	EndGlobalSection
	GlobalSection(NestedProjects) = preSolution
		{705E9710-D940-4977-BBFA-9F3DE717878E} = {88B22AA3-1C8D-4607-AFDD-B4B7591A33E3}
		{6FBF06C6-F519-480A-A969-8CB92B022F5F} = {88B22AA3-1C8D-4607-AFDD-B4B7591A33E3}
		{9E5F490D-1FDD-49BB-81FD-2CB3D5719900} = {3C392CC7-A0CB-411F-86BA-A2D4424FBD06}
		{39EE49B1-A6CE-43F7-988D-AB12D0CD3C9F} = {3C392CC7-A0CB-411F-86BA-A2D4424FBD06}
		{8DD63957-9425-4575-96AA-0284D3CE045D} = {3C392CC7-A0CB-411F-86BA-A2D4424FBD06}
		{08623CDC-BDB7-42F8-8F2C-1FF7EA7138B8} = {3C392CC7-A0CB-411F-86BA-A2D4424FBD06}
		{02EA681E-C7D8-13C7-8484-4AC65E1B71E8} = {3C392CC7-A0CB-411F-86BA-A2D4424FBD06}
	EndGlobalSection
	GlobalSection(ExtensibilityGlobals) = postSolution
		SolutionGuid = {A21A7AB7-F213-4B25-9312-67F8DC01F00D}
	EndGlobalSection
EndGlobal
